// !$*UTF8*$!
{
	archiveVersion = 1;
	classes = {
	};
	objectVersion = 50;
	objects = {

/* Begin PBXBuildFile section */
		DEDD47A020FEDF6A0043DFEB /* AppDelegate.m in Sources */ = {isa = PBXBuildFile; fileRef = DEDD479F20FEDF6A0043DFEB /* AppDelegate.m */; };
		DEDD47A320FEDF6A0043DFEB /* ViewController.m in Sources */ = {isa = PBXBuildFile; fileRef = DEDD47A220FEDF6A0043DFEB /* ViewController.m */; };
		DEDD47A620FEDF6A0043DFEB /* Main.storyboard in Resources */ = {isa = PBXBuildFile; fileRef = DEDD47A420FEDF6A0043DFEB /* Main.storyboard */; };
		DEDD47A820FEDF6E0043DFEB /* Assets.xcassets in Resources */ = {isa = PBXBuildFile; fileRef = DEDD47A720FEDF6E0043DFEB /* Assets.xcassets */; };
		DEDD47AB20FEDF6E0043DFEB /* LaunchScreen.storyboard in Resources */ = {isa = PBXBuildFile; fileRef = DEDD47A920FEDF6E0043DFEB /* LaunchScreen.storyboard */; };
		DEDD47AE20FEDF6E0043DFEB /* main.m in Sources */ = {isa = PBXBuildFile; fileRef = DEDD47AD20FEDF6E0043DFEB /* main.m */; };
		DEDD47B820FEDF6F0043DFEB /* _66Tests.m in Sources */ = {isa = PBXBuildFile; fileRef = DEDD47B720FEDF6F0043DFEB /* _66Tests.m */; };
		DEDD47C320FEDF6F0043DFEB /* _66UITests.m in Sources */ = {isa = PBXBuildFile; fileRef = DEDD47C220FEDF6F0043DFEB /* _66UITests.m */; };
/* End PBXBuildFile section */

/* Begin PBXContainerItemProxy section */
		DEDD47B420FEDF6F0043DFEB /* PBXContainerItemProxy */ = {
			isa = PBXContainerItemProxy;
			containerPortal = DEDD479320FEDF6A0043DFEB /* Project object */;
			proxyType = 1;
			remoteGlobalIDString = DEDD479A20FEDF6A0043DFEB;
			remoteInfo = 666;
		};
		DEDD47BF20FEDF6F0043DFEB /* PBXContainerItemProxy */ = {
			isa = PBXContainerItemProxy;
			containerPortal = DEDD479320FEDF6A0043DFEB /* Project object */;
			proxyType = 1;
			remoteGlobalIDString = DEDD479A20FEDF6A0043DFEB;
			remoteInfo = 666;
		};
/* End PBXContainerItemProxy section */

/* Begin PBXFileReference section */
		DEDD479B20FEDF6A0043DFEB /* 666.app */ = {isa = PBXFileReference; explicitFileType = wrapper.application; includeInIndex = 0; path = 666.app; sourceTree = BUILT_PRODUCTS_DIR; };
		DEDD479E20FEDF6A0043DFEB /* AppDelegate.h */ = {isa = PBXFileReference; lastKnownFileType = sourcecode.c.h; path = AppDelegate.h; sourceTree = "<group>"; };
		DEDD479F20FEDF6A0043DFEB /* AppDelegate.m */ = {isa = PBXFileReference; lastKnownFileType = sourcecode.c.objc; path = AppDelegate.m; sourceTree = "<group>"; };
		DEDD47A120FEDF6A0043DFEB /* ViewController.h */ = {isa = PBXFileReference; lastKnownFileType = sourcecode.c.h; path = ViewController.h; sourceTree = "<group>"; };
		DEDD47A220FEDF6A0043DFEB /* ViewController.m */ = {isa = PBXFileReference; lastKnownFileType = sourcecode.c.objc; path = ViewController.m; sourceTree = "<group>"; };
		DEDD47A520FEDF6A0043DFEB /* Base */ = {isa = PBXFileReference; lastKnownFileType = file.storyboard; name = Base; path = Base.lproj/Main.storyboard; sourceTree = "<group>"; };
		DEDD47A720FEDF6E0043DFEB /* Assets.xcassets */ = {isa = PBXFileReference; lastKnownFileType = folder.assetcatalog; path = Assets.xcassets; sourceTree = "<group>"; };
		DEDD47AA20FEDF6E0043DFEB /* Base */ = {isa = PBXFileReference; lastKnownFileType = file.storyboard; name = Base; path = Base.lproj/LaunchScreen.storyboard; sourceTree = "<group>"; };
		DEDD47AC20FEDF6E0043DFEB /* Info.plist */ = {isa = PBXFileReference; lastKnownFileType = text.plist.xml; path = Info.plist; sourceTree = "<group>"; };
		DEDD47AD20FEDF6E0043DFEB /* main.m */ = {isa = PBXFileReference; lastKnownFileType = sourcecode.c.objc; path = main.m; sourceTree = "<group>"; };
		DEDD47B320FEDF6F0043DFEB /* 666Tests.xctest */ = {isa = PBXFileReference; explicitFileType = wrapper.cfbundle; includeInIndex = 0; path = 666Tests.xctest; sourceTree = BUILT_PRODUCTS_DIR; };
		DEDD47B720FEDF6F0043DFEB /* _66Tests.m */ = {isa = PBXFileReference; lastKnownFileType = sourcecode.c.objc; path = _66Tests.m; sourceTree = "<group>"; };
		DEDD47B920FEDF6F0043DFEB /* Info.plist */ = {isa = PBXFileReference; lastKnownFileType = text.plist.xml; path = Info.plist; sourceTree = "<group>"; };
		DEDD47BE20FEDF6F0043DFEB /* 666UITests.xctest */ = {isa = PBXFileReference; explicitFileType = wrapper.cfbundle; includeInIndex = 0; path = 666UITests.xctest; sourceTree = BUILT_PRODUCTS_DIR; };
		DEDD47C220FEDF6F0043DFEB /* _66UITests.m */ = {isa = PBXFileReference; lastKnownFileType = sourcecode.c.objc; path = _66UITests.m; sourceTree = "<group>"; };
		DEDD47C420FEDF6F0043DFEB /* Info.plist */ = {isa = PBXFileReference; lastKnownFileType = text.plist.xml; path = Info.plist; sourceTree = "<group>"; };
/* End PBXFileReference section */

/* Begin PBXFrameworksBuildPhase section */
		DEDD479820FEDF6A0043DFEB /* Frameworks */ = {
			isa = PBXFrameworksBuildPhase;
			buildActionMask = 2147483647;
			files = (
			);
			runOnlyForDeploymentPostprocessing = 0;
		};
		DEDD47B020FEDF6F0043DFEB /* Frameworks */ = {
			isa = PBXFrameworksBuildPhase;
			buildActionMask = 2147483647;
			files = (
			);
			runOnlyForDeploymentPostprocessing = 0;
		};
		DEDD47BB20FEDF6F0043DFEB /* Frameworks */ = {
			isa = PBXFrameworksBuildPhase;
			buildActionMask = 2147483647;
			files = (
			);
			runOnlyForDeploymentPostprocessing = 0;
		};
/* End PBXFrameworksBuildPhase section */

/* Begin PBXGroup section */
		DEDD479220FEDF6A0043DFEB = {
			isa = PBXGroup;
			children = (
				DEDD479D20FEDF6A0043DFEB /* 666 */,
				DEDD47B620FEDF6F0043DFEB /* 666Tests */,
				DEDD47C120FEDF6F0043DFEB /* 666UITests */,
				DEDD479C20FEDF6A0043DFEB /* Products */,
			);
			sourceTree = "<group>";
		};
		DEDD479C20FEDF6A0043DFEB /* Products */ = {
			isa = PBXGroup;
			children = (
				DEDD479B20FEDF6A0043DFEB /* 666.app */,
				DEDD47B320FEDF6F0043DFEB /* 666Tests.xctest */,
				DEDD47BE20FEDF6F0043DFEB /* 666UITests.xctest */,
			);
			name = Products;
			sourceTree = "<group>";
		};
		DEDD479D20FEDF6A0043DFEB /* 666 */ = {
			isa = PBXGroup;
			children = (
				DEDD479E20FEDF6A0043DFEB /* AppDelegate.h */,
				DEDD479F20FEDF6A0043DFEB /* AppDelegate.m */,
				DEDD47A120FEDF6A0043DFEB /* ViewController.h */,
				DEDD47A220FEDF6A0043DFEB /* ViewController.m */,
				DEDD47A420FEDF6A0043DFEB /* Main.storyboard */,
				DEDD47A720FEDF6E0043DFEB /* Assets.xcassets */,
				DEDD47A920FEDF6E0043DFEB /* LaunchScreen.storyboard */,
				DEDD47AC20FEDF6E0043DFEB /* Info.plist */,
				DEDD47AD20FEDF6E0043DFEB /* main.m */,
			);
			path = 666;
			sourceTree = "<group>";
		};
		DEDD47B620FEDF6F0043DFEB /* 666Tests */ = {
			isa = PBXGroup;
			children = (
				DEDD47B720FEDF6F0043DFEB /* _66Tests.m */,
				DEDD47B920FEDF6F0043DFEB /* Info.plist */,
			);
			path = 666Tests;
			sourceTree = "<group>";
		};
		DEDD47C120FEDF6F0043DFEB /* 666UITests */ = {
			isa = PBXGroup;
			children = (
				DEDD47C220FEDF6F0043DFEB /* _66UITests.m */,
				DEDD47C420FEDF6F0043DFEB /* Info.plist */,
			);
			path = 666UITests;
			sourceTree = "<group>";
		};
/* End PBXGroup section */

/* Begin PBXNativeTarget section */
		DEDD479A20FEDF6A0043DFEB /* 666 */ = {
			isa = PBXNativeTarget;
			buildConfigurationList = DEDD47C720FEDF6F0043DFEB /* Build configuration list for PBXNativeTarget "666" */;
			buildPhases = (
				DEDD479720FEDF6A0043DFEB /* Sources */,
				DEDD479820FEDF6A0043DFEB /* Frameworks */,
				DEDD479920FEDF6A0043DFEB /* Resources */,
			);
			buildRules = (
			);
			dependencies = (
			);
			name = 666;
			productName = 666;
			productReference = DEDD479B20FEDF6A0043DFEB /* 666.app */;
			productType = "com.apple.product-type.application";
		};
		DEDD47B220FEDF6F0043DFEB /* 666Tests */ = {
			isa = PBXNativeTarget;
			buildConfigurationList = DEDD47CA20FEDF6F0043DFEB /* Build configuration list for PBXNativeTarget "666Tests" */;
			buildPhases = (
				DEDD47AF20FEDF6F0043DFEB /* Sources */,
				DEDD47B020FEDF6F0043DFEB /* Frameworks */,
				DEDD47B120FEDF6F0043DFEB /* Resources */,
			);
			buildRules = (
			);
			dependencies = (
				DEDD47B520FEDF6F0043DFEB /* PBXTargetDependency */,
			);
			name = 666Tests;
			productName = 666Tests;
			productReference = DEDD47B320FEDF6F0043DFEB /* 666Tests.xctest */;
			productType = "com.apple.product-type.bundle.unit-test";
		};
		DEDD47BD20FEDF6F0043DFEB /* 666UITests */ = {
			isa = PBXNativeTarget;
			buildConfigurationList = DEDD47CD20FEDF6F0043DFEB /* Build configuration list for PBXNativeTarget "666UITests" */;
			buildPhases = (
				DEDD47BA20FEDF6F0043DFEB /* Sources */,
				DEDD47BB20FEDF6F0043DFEB /* Frameworks */,
				DEDD47BC20FEDF6F0043DFEB /* Resources */,
			);
			buildRules = (
			);
			dependencies = (
				DEDD47C020FEDF6F0043DFEB /* PBXTargetDependency */,
			);
			name = 666UITests;
			productName = 666UITests;
			productReference = DEDD47BE20FEDF6F0043DFEB /* 666UITests.xctest */;
			productType = "com.apple.product-type.bundle.ui-testing";
		};
/* End PBXNativeTarget section */

/* Begin PBXProject section */
		DEDD479320FEDF6A0043DFEB /* Project object */ = {
			isa = PBXProject;
			attributes = {
				LastUpgradeCheck = 0930;
				ORGANIZATIONNAME = cacc;
				TargetAttributes = {
					DEDD479A20FEDF6A0043DFEB = {
						CreatedOnToolsVersion = 9.3;
					};
					DEDD47B220FEDF6F0043DFEB = {
						CreatedOnToolsVersion = 9.3;
						TestTargetID = DEDD479A20FEDF6A0043DFEB;
					};
					DEDD47BD20FEDF6F0043DFEB = {
						CreatedOnToolsVersion = 9.3;
						TestTargetID = DEDD479A20FEDF6A0043DFEB;
					};
				};
			};
			buildConfigurationList = DEDD479620FEDF6A0043DFEB /* Build configuration list for PBXProject "666" */;
			compatibilityVersion = "Xcode 9.3";
			developmentRegion = en;
			hasScannedForEncodings = 0;
			knownRegions = (
				en,
				Base,
			);
			mainGroup = DEDD479220FEDF6A0043DFEB;
			productRefGroup = DEDD479C20FEDF6A0043DFEB /* Products */;
			projectDirPath = "";
			projectRoot = "";
			targets = (
				DEDD479A20FEDF6A0043DFEB /* 666 */,
				DEDD47B220FEDF6F0043DFEB /* 666Tests */,
				DEDD47BD20FEDF6F0043DFEB /* 666UITests */,
			);
		};
/* End PBXProject section */

/* Begin PBXResourcesBuildPhase section */
		DEDD479920FEDF6A0043DFEB /* Resources */ = {
			isa = PBXResourcesBuildPhase;
			buildActionMask = 2147483647;
			files = (
				DEDD47AB20FEDF6E0043DFEB /* LaunchScreen.storyboard in Resources */,
				DEDD47A820FEDF6E0043DFEB /* Assets.xcassets in Resources */,
				DEDD47A620FEDF6A0043DFEB /* Main.storyboard in Resources */,
			);
			runOnlyForDeploymentPostprocessing = 0;
		};
		DEDD47B120FEDF6F0043DFEB /* Resources */ = {
			isa = PBXResourcesBuildPhase;
			buildActionMask = 2147483647;
			files = (
			);
			runOnlyForDeploymentPostprocessing = 0;
		};
		DEDD47BC20FEDF6F0043DFEB /* Resources */ = {
			isa = PBXResourcesBuildPhase;
			buildActionMask = 2147483647;
			files = (
			);
			runOnlyForDeploymentPostprocessing = 0;
		};
/* End PBXResourcesBuildPhase section */

/* Begin PBXSourcesBuildPhase section */
		DEDD479720FEDF6A0043DFEB /* Sources */ = {
			isa = PBXSourcesBuildPhase;
			buildActionMask = 2147483647;
			files = (
				DEDD47A320FEDF6A0043DFEB /* ViewController.m in Sources */,
				DEDD47AE20FEDF6E0043DFEB /* main.m in Sources */,
				DEDD47A020FEDF6A0043DFEB /* AppDelegate.m in Sources */,
			);
			runOnlyForDeploymentPostprocessing = 0;
		};
		DEDD47AF20FEDF6F0043DFEB /* Sources */ = {
			isa = PBXSourcesBuildPhase;
			buildActionMask = 2147483647;
			files = (
				DEDD47B820FEDF6F0043DFEB /* _66Tests.m in Sources */,
			);
			runOnlyForDeploymentPostprocessing = 0;
		};
		DEDD47BA20FEDF6F0043DFEB /* Sources */ = {
			isa = PBXSourcesBuildPhase;
			buildActionMask = 2147483647;
			files = (
				DEDD47C320FEDF6F0043DFEB /* _66UITests.m in Sources */,
			);
			runOnlyForDeploymentPostprocessing = 0;
		};
/* End PBXSourcesBuildPhase section */

/* Begin PBXTargetDependency section */
		DEDD47B520FEDF6F0043DFEB /* PBXTargetDependency */ = {
			isa = PBXTargetDependency;
			target = DEDD479A20FEDF6A0043DFEB /* 666 */;
			targetProxy = DEDD47B420FEDF6F0043DFEB /* PBXContainerItemProxy */;
		};
		DEDD47C020FEDF6F0043DFEB /* PBXTargetDependency */ = {
			isa = PBXTargetDependency;
			target = DEDD479A20FEDF6A0043DFEB /* 666 */;
			targetProxy = DEDD47BF20FEDF6F0043DFEB /* PBXContainerItemProxy */;
		};
/* End PBXTargetDependency section */

/* Begin PBXVariantGroup section */
		DEDD47A420FEDF6A0043DFEB /* Main.storyboard */ = {
			isa = PBXVariantGroup;
			children = (
				DEDD47A520FEDF6A0043DFEB /* Base */,
			);
			name = Main.storyboard;
			sourceTree = "<group>";
		};
		DEDD47A920FEDF6E0043DFEB /* LaunchScreen.storyboard */ = {
			isa = PBXVariantGroup;
			children = (
				DEDD47AA20FEDF6E0043DFEB /* Base */,
			);
			name = LaunchScreen.storyboard;
			sourceTree = "<group>";
		};
/* End PBXVariantGroup section */

/* Begin XCBuildConfiguration section */
		DEDD47C520FEDF6F0043DFEB /* Debug */ = {
			isa = XCBuildConfiguration;
			buildSettings = {
				ALWAYS_SEARCH_USER_PATHS = NO;
				CLANG_ANALYZER_NONNULL = YES;
				CLANG_ANALYZER_NUMBER_OBJECT_CONVERSION = YES_AGGRESSIVE;
				CLANG_CXX_LANGUAGE_STANDARD = "gnu++14";
				CLANG_CXX_LIBRARY = "libc++";
				CLANG_ENABLE_MODULES = YES;
				CLANG_ENABLE_OBJC_ARC = YES;
				CLANG_ENABLE_OBJC_WEAK = YES;
				CLANG_WARN_BLOCK_CAPTURE_AUTORELEASING = YES;
				CLANG_WARN_BOOL_CONVERSION = YES;
				CLANG_WARN_COMMA = YES;
				CLANG_WARN_CONSTANT_CONVERSION = YES;
				CLANG_WARN_DEPRECATED_OBJC_IMPLEMENTATIONS = YES;
				CLANG_WARN_DIRECT_OBJC_ISA_USAGE = YES_ERROR;
				CLANG_WARN_DOCUMENTATION_COMMENTS = YES;
				CLANG_WARN_EMPTY_BODY = YES;
				CLANG_WARN_ENUM_CONVERSION = YES;
				CLANG_WARN_INFINITE_RECURSION = YES;
				CLANG_WARN_INT_CONVERSION = YES;
				CLANG_WARN_NON_LITERAL_NULL_CONVERSION = YES;
				CLANG_WARN_OBJC_IMPLICIT_RETAIN_SELF = YES;
				CLANG_WARN_OBJC_LITERAL_CONVERSION = YES;
				CLANG_WARN_OBJC_ROOT_CLASS = YES_ERROR;
				CLANG_WARN_RANGE_LOOP_ANALYSIS = YES;
				CLANG_WARN_STRICT_PROTOTYPES = YES;
				CLANG_WARN_SUSPICIOUS_MOVE = YES;
				CLANG_WARN_UNGUARDED_AVAILABILITY = YES_AGGRESSIVE;
				CLANG_WARN_UNREACHABLE_CODE = YES;
				CLANG_WARN__DUPLICATE_METHOD_MATCH = YES;
				CODE_SIGN_IDENTITY = "iPhone Developer";
				COPY_PHASE_STRIP = NO;
				DEBUG_INFORMATION_FORMAT = dwarf;
				ENABLE_STRICT_OBJC_MSGSEND = YES;
				ENABLE_TESTABILITY = YES;
				GCC_C_LANGUAGE_STANDARD = gnu11;
				GCC_DYNAMIC_NO_PIC = NO;
				GCC_NO_COMMON_BLOCKS = YES;
				GCC_OPTIMIZATION_LEVEL = 0;
				GCC_PREPROCESSOR_DEFINITIONS = (
					"DEBUG=1",
					"$(inherited)",
				);
				GCC_WARN_64_TO_32_BIT_CONVERSION = YES;
				GCC_WARN_ABOUT_RETURN_TYPE = YES_ERROR;
				GCC_WARN_UNDECLARED_SELECTOR = YES;
				GCC_WARN_UNINITIALIZED_AUTOS = YES_AGGRESSIVE;
				GCC_WARN_UNUSED_FUNCTION = YES;
				GCC_WARN_UNUSED_VARIABLE = YES;
				IPHONEOS_DEPLOYMENT_TARGET = 11.3;
				MTL_ENABLE_DEBUG_INFO = YES;
				ONLY_ACTIVE_ARCH = YES;
				SDKROOT = iphoneos;
			};
			name = Debug;
		};
		DEDD47C620FEDF6F0043DFEB /* Release */ = {
			isa = XCBuildConfiguration;
			buildSettings = {
				ALWAYS_SEARCH_USER_PATHS = NO;
				CLANG_ANALYZER_NONNULL = YES;
				CLANG_ANALYZER_NUMBER_OBJECT_CONVERSION = YES_AGGRESSIVE;
				CLANG_CXX_LANGUAGE_STANDARD = "gnu++14";
				CLANG_CXX_LIBRARY = "libc++";
				CLANG_ENABLE_MODULES = YES;
				CLANG_ENABLE_OBJC_ARC = YES;
				CLANG_ENABLE_OBJC_WEAK = YES;
				CLANG_WARN_BLOCK_CAPTURE_AUTORELEASING = YES;
				CLANG_WARN_BOOL_CONVERSION = YES;
				CLANG_WARN_COMMA = YES;
				CLANG_WARN_CONSTANT_CONVERSION = YES;
				CLANG_WARN_DEPRECATED_OBJC_IMPLEMENTATIONS = YES;
				CLANG_WARN_DIRECT_OBJC_ISA_USAGE = YES_ERROR;
				CLANG_WARN_DOCUMENTATION_COMMENTS = YES;
				CLANG_WARN_EMPTY_BODY = YES;
				CLANG_WARN_ENUM_CONVERSION = YES;
				CLANG_WARN_INFINITE_RECURSION = YES;
				CLANG_WARN_INT_CONVERSION = YES;
				CLANG_WARN_NON_LITERAL_NULL_CONVERSION = YES;
				CLANG_WARN_OBJC_IMPLICIT_RETAIN_SELF = YES;
				CLANG_WARN_OBJC_LITERAL_CONVERSION = YES;
				CLANG_WARN_OBJC_ROOT_CLASS = YES_ERROR;
				CLANG_WARN_RANGE_LOOP_ANALYSIS = YES;
				CLANG_WARN_STRICT_PROTOTYPES = YES;
				CLANG_WARN_SUSPICIOUS_MOVE = YES;
				CLANG_WARN_UNGUARDED_AVAILABILITY = YES_AGGRESSIVE;
				CLANG_WARN_UNREACHABLE_CODE = YES;
				CLANG_WARN__DUPLICATE_METHOD_MATCH = YES;
				CODE_SIGN_IDENTITY = "iPhone Developer";
				COPY_PHASE_STRIP = NO;
				DEBUG_INFORMATION_FORMAT = "dwarf-with-dsym";
				ENABLE_NS_ASSERTIONS = NO;
				ENABLE_STRICT_OBJC_MSGSEND = YES;
				GCC_C_LANGUAGE_STANDARD = gnu11;
				GCC_NO_COMMON_BLOCKS = YES;
				GCC_WARN_64_TO_32_BIT_CONVERSION = YES;
				GCC_WARN_ABOUT_RETURN_TYPE = YES_ERROR;
				GCC_WARN_UNDECLARED_SELECTOR = YES;
				GCC_WARN_UNINITIALIZED_AUTOS = YES_AGGRESSIVE;
				GCC_WARN_UNUSED_FUNCTION = YES;
				GCC_WARN_UNUSED_VARIABLE = YES;
				IPHONEOS_DEPLOYMENT_TARGET = 11.3;
				MTL_ENABLE_DEBUG_INFO = NO;
				SDKROOT = iphoneos;
				VALIDATE_PRODUCT = YES;
			};
			name = Release;
		};
		DEDD47C820FEDF6F0043DFEB /* Debug */ = {
			isa = XCBuildConfiguration;
			buildSettings = {
				ASSETCATALOG_COMPILER_APPICON_NAME = AppIcon;
				CODE_SIGN_STYLE = Automatic;
				INFOPLIST_FILE = 666/Info.plist;
				LD_RUNPATH_SEARCH_PATHS = (
					"$(inherited)",
					"@executable_path/Frameworks",
				);
				PRODUCT_BUNDLE_IDENTIFIER = "cn.cacc.-66";
				PRODUCT_NAME = "$(TARGET_NAME)";
				TARGETED_DEVICE_FAMILY = "1,2";
			};
			name = Debug;
		};
		DEDD47C920FEDF6F0043DFEB /* Release */ = {
			isa = XCBuildConfiguration;
			buildSettings = {
				ASSETCATALOG_COMPILER_APPICON_NAME = AppIcon;
				CODE_SIGN_STYLE = Automatic;
				INFOPLIST_FILE = 666/Info.plist;
				LD_RUNPATH_SEARCH_PATHS = (
					"$(inherited)",
					"@executable_path/Frameworks",
				);
				PRODUCT_BUNDLE_IDENTIFIER = "cn.cacc.-66";
				PRODUCT_NAME = "$(TARGET_NAME)";
				TARGETED_DEVICE_FAMILY = "1,2";
			};
			name = Release;
		};
		DEDD47CB20FEDF6F0043DFEB /* Debug */ = {
			isa = XCBuildConfiguration;
			buildSettings = {
				BUNDLE_LOADER = "$(TEST_HOST)";
				CODE_SIGN_STYLE = Automatic;
				INFOPLIST_FILE = 666Tests/Info.plist;
				LD_RUNPATH_SEARCH_PATHS = (
					"$(inherited)",
					"@executable_path/Frameworks",
					"@loader_path/Frameworks",
				);
				PRODUCT_BUNDLE_IDENTIFIER = "cn.cacc.-66Tests";
				PRODUCT_NAME = "$(TARGET_NAME)";
				TARGETED_DEVICE_FAMILY = "1,2";
				TEST_HOST = "$(BUILT_PRODUCTS_DIR)/666.app/666";
			};
			name = Debug;
		};
		DEDD47CC20FEDF6F0043DFEB /* Release */ = {
			isa = XCBuildConfiguration;
			buildSettings = {
				BUNDLE_LOADER = "$(TEST_HOST)";
				CODE_SIGN_STYLE = Automatic;
				INFOPLIST_FILE = 666Tests/Info.plist;
				LD_RUNPATH_SEARCH_PATHS = (
					"$(inherited)",
					"@executable_path/Frameworks",
					"@loader_path/Frameworks",
				);
				PRODUCT_BUNDLE_IDENTIFIER = "cn.cacc.-66Tests";
				PRODUCT_NAME = "$(TARGET_NAME)";
				TARGETED_DEVICE_FAMILY = "1,2";
				TEST_HOST = "$(BUILT_PRODUCTS_DIR)/666.app/666";
			};
			name = Release;
		};
		DEDD47CE20FEDF6F0043DFEB /* Debug */ = {
			isa = XCBuildConfiguration;
			buildSettings = {
				CODE_SIGN_STYLE = Automatic;
				INFOPLIST_FILE = 666UITests/Info.plist;
				LD_RUNPATH_SEARCH_PATHS = (
					"$(inherited)",
					"@executable_path/Frameworks",
					"@loader_path/Frameworks",
				);
				PRODUCT_BUNDLE_IDENTIFIER = "cn.cacc.-66UITests";
				PRODUCT_NAME = "$(TARGET_NAME)";
				TARGETED_DEVICE_FAMILY = "1,2";
				TEST_TARGET_NAME = 666;
			};
			name = Debug;
		};
		DEDD47CF20FEDF6F0043DFEB /* Release */ = {
			isa = XCBuildConfiguration;
			buildSettings = {
				CODE_SIGN_STYLE = Automatic;
				INFOPLIST_FILE = 666UITests/Info.plist;
				LD_RUNPATH_SEARCH_PATHS = (
					"$(inherited)",
					"@executable_path/Frameworks",
					"@loader_path/Frameworks",
				);
				PRODUCT_BUNDLE_IDENTIFIER = "cn.cacc.-66UITests";
				PRODUCT_NAME = "$(TARGET_NAME)";
				TARGETED_DEVICE_FAMILY = "1,2";
				TEST_TARGET_NAME = 666;
			};
			name = Release;
		};
/* End XCBuildConfiguration section */

/* Begin XCConfigurationList section */
		DEDD479620FEDF6A0043DFEB /* Build configuration list for PBXProject "666" */ = {
			isa = XCConfigurationList;
			buildConfigurations = (
				DEDD47C520FEDF6F0043DFEB /* Debug */,
				DEDD47C620FEDF6F0043DFEB /* Release */,
			);
			defaultConfigurationIsVisible = 0;
			defaultConfigurationName = Release;
		};
		DEDD47C720FEDF6F0043DFEB /* Build configuration list for PBXNativeTarget "666" */ = {
			isa = XCConfigurationList;
			buildConfigurations = (
				DEDD47C820FEDF6F0043DFEB /* Debug */,
				DEDD47C920FEDF6F0043DFEB /* Release */,
			);
			defaultConfigurationIsVisible = 0;
			defaultConfigurationName = Release;
		};
		DEDD47CA20FEDF6F0043DFEB /* Build configuration list for PBXNativeTarget "666Tests" */ = {
			isa = XCConfigurationList;
			buildConfigurations = (
				DEDD47CB20FEDF6F0043DFEB /* Debug */,
				DEDD47CC20FEDF6F0043DFEB /* Release */,
			);
			defaultConfigurationIsVisible = 0;
			defaultConfigurationName = Release;
		};
		DEDD47CD20FEDF6F0043DFEB /* Build configuration list for PBXNativeTarget "666UITests" */ = {
			isa = XCConfigurationList;
			buildConfigurations = (
				DEDD47CE20FEDF6F0043DFEB /* Debug */,
				DEDD47CF20FEDF6F0043DFEB /* Release */,
			);
			defaultConfigurationIsVisible = 0;
			defaultConfigurationName = Release;
		};
/* End XCConfigurationList section */
	};
	rootObject = DEDD479320FEDF6A0043DFEB /* Project object */;
}
